{
  "name": "hello-world",
  "version": "1.0.0",
  "lockfileVersion": 1,
  "requires": true,
  "dependencies": {
    "chrome-types": {
      "version": "0.1.321",
      "resolved": "https://registry.npmjs.org/chrome-types/-/chrome-types-0.1.321.tgz",
      "integrity": "sha512-WvjaWVQGJf2CyDyswjMLi+JvcmN4RCZglk+3JrTSozxH9RNLgvMVuHbZ75obT4c9qezvIgsViG5iNNB3fWN5+Q=="
    }
  }
}
